
Microsoft Visual Studio Solution File, Format Version 12.00
# Visual Studio 15
VisualStudioVersion = 15.0.28307.1433
MinimumVisualStudioVersion = 10.0.40219.1
Project("{FAE04EC0-301F-11D3-BF4B-00C04F79EFBC}") = "13.C sharp For Each Loops", "13.C sharp For Each Loops\13.C sharp For Each Loops.csproj", "{820672DE-2BB7-4D1E-8444-686D4CEDC6C6}"
EndProject
Global
	GlobalSection(SolutionConfigurationPlatforms) = preSolution
		Debug|Any CPU = Debug|Any CPU
		Release|Any CPU = Release|Any CPU
	EndGlobalSection
	GlobalSection(ProjectConfigurationPlatforms) = postSolution
		{820672DE-2BB7-4D1E-8444-686D4CEDC6C6}.Debug|Any CPU.ActiveCfg = Debug|Any CPU
		{820672DE-2BB7-4D1E-8444-686D4CEDC6C6}.Debug|Any CPU.Build.0 = Debug|Any CPU
		{820672DE-2BB7-4D1E-8444-686D4CEDC6C6}.Release|Any CPU.ActiveCfg = Release|Any CPU
		{820672DE-2BB7-4D1E-8444-686D4CEDC6C6}.Release|Any CPU.Build.0 = Release|Any CPU
	EndGlobalSection
	GlobalSection(SolutionProperties) = preSolution
		HideSolutionNode = FALSE
	EndGlobalSection
	GlobalSection(ExtensibilityGlobals) = postSolution
		SolutionGuid = {31F8C87B-2BCF-4A0B-9852-1538BE963955}
	EndGlobalSection
EndGlobal
